
Microsoft Visual Studio Solution File, Format Version 12.00
# Visual Studio 15
VisualStudioVersion = 15.0.27004.2008
MinimumVisualStudioVersion = 10.0.40219.1
Project("{FAE04EC0-301F-11D3-BF4B-00C04F79EFBC}") = "PerryPA03", "PerryPA03\PerryPA03.csproj", "{97A9DA75-E4CC-4799-9E57-9B188BEF9102}"
EndProject
Global
	GlobalSection(SolutionConfigurationPlatforms) = preSolution
		Debug|Any CPU = Debug|Any CPU
		Release|Any CPU = Release|Any CPU
	EndGlobalSection
	GlobalSection(ProjectConfigurationPlatforms) = postSolution
		{97A9DA75-E4CC-4799-9E57-9B188BEF9102}.Debug|Any CPU.ActiveCfg = Debug|Any CPU
		{97A9DA75-E4CC-4799-9E57-9B188BEF9102}.Debug|Any CPU.Build.0 = Debug|Any CPU
		{97A9DA75-E4CC-4799-9E57-9B188BEF9102}.Release|Any CPU.ActiveCfg = Release|Any CPU
		{97A9DA75-E4CC-4799-9E57-9B188BEF9102}.Release|Any CPU.Build.0 = Release|Any CPU
	EndGlobalSection
	GlobalSection(SolutionProperties) = preSolution
		HideSolutionNode = FALSE
	EndGlobalSection
	GlobalSection(ExtensibilityGlobals) = postSolution
		SolutionGuid = {CDD37436-4ECE-41CE-BB0D-030FE8C82726}
	EndGlobalSection
EndGlobal
