
Microsoft Visual Studio Solution File, Format Version 12.00
# Visual Studio 15
VisualStudioVersion = 15.0.27004.2005
MinimumVisualStudioVersion = 10.0.40219.1
Project("{FAE04EC0-301F-11D3-BF4B-00C04F79EFBC}") = "DynamicVariableNames", "DynamicVariableNames\DynamicVariableNames.csproj", "{A1EFBC51-FC1F-4A1C-A88F-04A630B2946D}"
EndProject
Global
	GlobalSection(SolutionConfigurationPlatforms) = preSolution
		Debug|Any CPU = Debug|Any CPU
		Release|Any CPU = Release|Any CPU
	EndGlobalSection
	GlobalSection(ProjectConfigurationPlatforms) = postSolution
		{A1EFBC51-FC1F-4A1C-A88F-04A630B2946D}.Debug|Any CPU.ActiveCfg = Debug|Any CPU
		{A1EFBC51-FC1F-4A1C-A88F-04A630B2946D}.Debug|Any CPU.Build.0 = Debug|Any CPU
		{A1EFBC51-FC1F-4A1C-A88F-04A630B2946D}.Release|Any CPU.ActiveCfg = Release|Any CPU
		{A1EFBC51-FC1F-4A1C-A88F-04A630B2946D}.Release|Any CPU.Build.0 = Release|Any CPU
	EndGlobalSection
	GlobalSection(SolutionProperties) = preSolution
		HideSolutionNode = FALSE
	EndGlobalSection
	GlobalSection(ExtensibilityGlobals) = postSolution
		SolutionGuid = {7B4DB753-28B9-483B-9894-BA28F53084C4}
	EndGlobalSection
EndGlobal
